
Microsoft Visual Studio Solution File, Format Version 12.00
# Visual Studio 15
VisualStudioVersion = 15.0.28307.1972
MinimumVisualStudioVersion = 10.0.40219.1
Project("{FAE04EC0-301F-11D3-BF4B-00C04F79EFBC}") = "ProjWeb", "ProjWeb\ProjWeb.csproj", "{F7F81F28-97B5-4F01-BA62-6675F492D968}"
EndProject
Global
	GlobalSection(SolutionConfigurationPlatforms) = preSolution
		Debug|Any CPU = Debug|Any CPU
		Release|Any CPU = Release|Any CPU
	EndGlobalSection
	GlobalSection(ProjectConfigurationPlatforms) = postSolution
		{F7F81F28-97B5-4F01-BA62-6675F492D968}.Debug|Any CPU.ActiveCfg = Debug|Any CPU
		{F7F81F28-97B5-4F01-BA62-6675F492D968}.Debug|Any CPU.Build.0 = Debug|Any CPU
		{F7F81F28-97B5-4F01-BA62-6675F492D968}.Release|Any CPU.ActiveCfg = Release|Any CPU
		{F7F81F28-97B5-4F01-BA62-6675F492D968}.Release|Any CPU.Build.0 = Release|Any CPU
	EndGlobalSection
	GlobalSection(SolutionProperties) = preSolution
		HideSolutionNode = FALSE
	EndGlobalSection
	GlobalSection(ExtensibilityGlobals) = postSolution
		SolutionGuid = {402FCA32-F810-4588-967A-990A9E7360C4}
	EndGlobalSection
EndGlobal
